
Microsoft Visual Studio Solution File, Format Version 12.00
Project("{FAE04EC0-301F-11D3-BF4B-00C04F79EFBC}") = "Day1StudentClassExample", "Day1StudentClassExample\Day1StudentClassExample.csproj", "{0760DC11-DF8E-46C1-BD59-9928E685DFCF}"
EndProject
Global
	GlobalSection(SolutionConfigurationPlatforms) = preSolution
		Debug|Any CPU = Debug|Any CPU
		Release|Any CPU = Release|Any CPU
	EndGlobalSection
	GlobalSection(ProjectConfigurationPlatforms) = postSolution
		{0760DC11-DF8E-46C1-BD59-9928E685DFCF}.Debug|Any CPU.ActiveCfg = Debug|Any CPU
		{0760DC11-DF8E-46C1-BD59-9928E685DFCF}.Debug|Any CPU.Build.0 = Debug|Any CPU
		{0760DC11-DF8E-46C1-BD59-9928E685DFCF}.Release|Any CPU.ActiveCfg = Release|Any CPU
		{0760DC11-DF8E-46C1-BD59-9928E685DFCF}.Release|Any CPU.Build.0 = Release|Any CPU
	EndGlobalSection
EndGlobal
